
Microsoft Visual Studio Solution File, Format Version 12.00
# Visual Studio Version 16
VisualStudioVersion = 16.0.30413.136
MinimumVisualStudioVersion = 10.0.40219.1
Project("{FAE04EC0-301F-11D3-BF4B-00C04F79EFBC}") = "PL", "PL\PL.csproj", "{9221326C-3B0A-48FF-960C-7DBF8A1B7757}"
EndProject
Project("{FAE04EC0-301F-11D3-BF4B-00C04F79EFBC}") = "BL", "BL\BL.csproj", "{00FB3F03-75FE-4ACB-8A12-6718A910B9D4}"
EndProject
Project("{FAE04EC0-301F-11D3-BF4B-00C04F79EFBC}") = "DAL", "DAL\DAL.csproj", "{210ECEE7-1659-4E75-B268-CB2F1E7E4141}"
EndProject
Project("{FAE04EC0-301F-11D3-BF4B-00C04F79EFBC}") = "BE", "BE\BE.csproj", "{994BB440-6BDB-49B8-89C4-67E210B00A94}"
EndProject
Project("{FAE04EC0-301F-11D3-BF4B-00C04F79EFBC}") = "PLTesting", "PLTesting\PLTesting.csproj", "{6072F3C1-5ACC-43C3-AA91-8F6BCABCCF76}"
EndProject
Global
	GlobalSection(SolutionConfigurationPlatforms) = preSolution
		Debug|Any CPU = Debug|Any CPU
		Release|Any CPU = Release|Any CPU
	EndGlobalSection
	GlobalSection(ProjectConfigurationPlatforms) = postSolution
		{9221326C-3B0A-48FF-960C-7DBF8A1B7757}.Debug|Any CPU.ActiveCfg = Debug|Any CPU
		{9221326C-3B0A-48FF-960C-7DBF8A1B7757}.Debug|Any CPU.Build.0 = Debug|Any CPU
		{9221326C-3B0A-48FF-960C-7DBF8A1B7757}.Release|Any CPU.ActiveCfg = Release|Any CPU
		{9221326C-3B0A-48FF-960C-7DBF8A1B7757}.Release|Any CPU.Build.0 = Release|Any CPU
		{00FB3F03-75FE-4ACB-8A12-6718A910B9D4}.Debug|Any CPU.ActiveCfg = Debug|Any CPU
		{00FB3F03-75FE-4ACB-8A12-6718A910B9D4}.Debug|Any CPU.Build.0 = Debug|Any CPU
		{00FB3F03-75FE-4ACB-8A12-6718A910B9D4}.Release|Any CPU.ActiveCfg = Release|Any CPU
		{00FB3F03-75FE-4ACB-8A12-6718A910B9D4}.Release|Any CPU.Build.0 = Release|Any CPU
		{210ECEE7-1659-4E75-B268-CB2F1E7E4141}.Debug|Any CPU.ActiveCfg = Debug|Any CPU
		{210ECEE7-1659-4E75-B268-CB2F1E7E4141}.Debug|Any CPU.Build.0 = Debug|Any CPU
		{210ECEE7-1659-4E75-B268-CB2F1E7E4141}.Release|Any CPU.ActiveCfg = Release|Any CPU
		{210ECEE7-1659-4E75-B268-CB2F1E7E4141}.Release|Any CPU.Build.0 = Release|Any CPU
		{994BB440-6BDB-49B8-89C4-67E210B00A94}.Debug|Any CPU.ActiveCfg = Debug|Any CPU
		{994BB440-6BDB-49B8-89C4-67E210B00A94}.Debug|Any CPU.Build.0 = Debug|Any CPU
		{994BB440-6BDB-49B8-89C4-67E210B00A94}.Release|Any CPU.ActiveCfg = Release|Any CPU
		{994BB440-6BDB-49B8-89C4-67E210B00A94}.Release|Any CPU.Build.0 = Release|Any CPU
		{6072F3C1-5ACC-43C3-AA91-8F6BCABCCF76}.Debug|Any CPU.ActiveCfg = Debug|Any CPU
		{6072F3C1-5ACC-43C3-AA91-8F6BCABCCF76}.Debug|Any CPU.Build.0 = Debug|Any CPU
		{6072F3C1-5ACC-43C3-AA91-8F6BCABCCF76}.Release|Any CPU.ActiveCfg = Release|Any CPU
		{6072F3C1-5ACC-43C3-AA91-8F6BCABCCF76}.Release|Any CPU.Build.0 = Release|Any CPU
	EndGlobalSection
	GlobalSection(SolutionProperties) = preSolution
		HideSolutionNode = FALSE
	EndGlobalSection
	GlobalSection(ExtensibilityGlobals) = postSolution
		SolutionGuid = {76E7E2B6-C964-4993-BCC0-510FDCF31CCB}
	EndGlobalSection
EndGlobal
